
Microsoft Visual Studio Solution File, Format Version 12.00
# Visual Studio Version 17
VisualStudioVersion = 17.7.34302.85
MinimumVisualStudioVersion = 10.0.40219.1
Project("{2150E333-8FDC-42A3-9474-1A3956D46DE8}") = "Creational", "Creational", "{ADC8FC22-7A22-4854-B98E-9360272FC4F2}"
EndProject
Project("{2150E333-8FDC-42A3-9474-1A3956D46DE8}") = "Structural", "Structural", "{CC267274-22C7-4E5F-9FFC-72CC8950E5E1}"
EndProject
Project("{2150E333-8FDC-42A3-9474-1A3956D46DE8}") = "Behavioral", "Behavioral", "{7391466D-5884-4740-88EB-A066F89B000A}"
EndProject
Project("{2150E333-8FDC-42A3-9474-1A3956D46DE8}") = "SOLID Pattern", "SOLID Pattern", "{EFA9178B-9B6C-4D95-9CFF-653BDD8927CB}"
EndProject
Project("{9A19103F-16F7-4668-BE54-9A1E7A4F7556}") = "SingleResponsibilityPrinciple", "SingleResponsibilityPrinciple\SingleResponsibilityPrinciple.csproj", "{5B2FE5B1-5591-4F68-AAFB-B837DA3574B9}"
EndProject
Project("{9A19103F-16F7-4668-BE54-9A1E7A4F7556}") = "Open-ClosedPrinciple", "Open-ClosedPrinciple\Open-ClosedPrinciple.csproj", "{1A92F913-3F10-44B4-BEB7-B8B4025A7D6C}"
EndProject
Project("{9A19103F-16F7-4668-BE54-9A1E7A4F7556}") = "LiskovSubstitutionPrinciple", "LiskovSubstitutionPrinciple\LiskovSubstitutionPrinciple.csproj", "{61ED9575-6399-470D-8F6E-C134B861D99D}"
EndProject
Project("{9A19103F-16F7-4668-BE54-9A1E7A4F7556}") = "InterfaceSegregationPrinciple", "InterfaceSegregationPrinciple\InterfaceSegregationPrinciple.csproj", "{AD2A3D27-41D9-4C0E-84AA-A4E22839EFB4}"
EndProject
Project("{9A19103F-16F7-4668-BE54-9A1E7A4F7556}") = "DependencyInversionPrinciple", "DependencyInversionPrinciple\DependencyInversionPrinciple.csproj", "{CD09EA27-F5C6-4F9D-A4D1-57C5C064A327}"
EndProject
Project("{9A19103F-16F7-4668-BE54-9A1E7A4F7556}") = "Builder", "Builder\Builder.csproj", "{8331F519-857D-4D60-9367-ACFCAA1BCD0D}"
EndProject
Project("{9A19103F-16F7-4668-BE54-9A1E7A4F7556}") = "BuilderIneritance", "BuilderIneritance\BuilderIneritance.csproj", "{6E84A359-4174-49E4-8377-E25BB9D9D8AC}"
EndProject
Project("{9A19103F-16F7-4668-BE54-9A1E7A4F7556}") = "StepwiseBuilder", "StepwiseBuilder\StepwiseBuilder.csproj", "{3B068D1D-F619-48B5-95DC-D5501D97FD1A}"
EndProject
Project("{9A19103F-16F7-4668-BE54-9A1E7A4F7556}") = "FunctionalBuilder", "FunctionalBuilder\FunctionalBuilder.csproj", "{D846F53D-3B73-4CD5-9D9C-105C94EBD5DE}"
EndProject
Project("{9A19103F-16F7-4668-BE54-9A1E7A4F7556}") = "FacetedBuilder", "FacetedBuilder\FacetedBuilder.csproj", "{5438D4D1-655C-4FC9-BDA1-9EFD6AF67827}"
EndProject
Project("{FAE04EC0-301F-11D3-BF4B-00C04F79EFBC}") = "ExerciseBuilderPattern", "ExerciseBuilderPattern\ExerciseBuilderPattern.csproj", "{50B34CA1-30FB-49BE-8195-5C62051DE4C1}"
EndProject
Project("{FAE04EC0-301F-11D3-BF4B-00C04F79EFBC}") = "FactoryPattern", "FactoryPattern\FactoryPattern.csproj", "{9F12E204-1178-434A-B7F6-3AC4AC01B7D5}"
EndProject
Project("{2150E333-8FDC-42A3-9474-1A3956D46DE8}") = "BuilderDesignPattern", "BuilderDesignPattern", "{BF5880BB-F325-40D4-95AC-93138EEAE91A}"
EndProject
Project("{2150E333-8FDC-42A3-9474-1A3956D46DE8}") = "FactoryDesignPattern", "FactoryDesignPattern", "{5C5BA664-9553-4E90-B951-EE9D8D98BF95}"
EndProject
Project("{FAE04EC0-301F-11D3-BF4B-00C04F79EFBC}") = "AsynchronousFactoryPattern", "AsynchronousFactoryPattern\AsynchronousFactoryPattern.csproj", "{B506F1AD-F156-4511-8CA7-3685D558E185}"
EndProject
Project("{FAE04EC0-301F-11D3-BF4B-00C04F79EFBC}") = "PatternDemo", "PatternDemo\PatternDemo.csproj", "{E7A1CF2B-F037-49BB-8D85-7BC6A5724566}"
EndProject
Project("{FAE04EC0-301F-11D3-BF4B-00C04F79EFBC}") = "AbstractFactory", "AbstractFactory\AbstractFactory.csproj", "{89053E58-1DBF-4E3E-87CF-03D853920807}"
EndProject
Project("{FAE04EC0-301F-11D3-BF4B-00C04F79EFBC}") = "ExerciseFactory", "ExerciseFactory\ExerciseFactory.csproj", "{E9418544-711A-467F-B3C8-EA3326DD7F77}"
EndProject
Project("{2150E333-8FDC-42A3-9474-1A3956D46DE8}") = "Solution Items", "Solution Items", "{8C33F593-36A4-4D32-9BA1-5D916251126A}"
	ProjectSection(SolutionItems) = preProject
		.editorconfig = .editorconfig
	EndProjectSection
EndProject
Global
	GlobalSection(SolutionConfigurationPlatforms) = preSolution
		Debug|Any CPU = Debug|Any CPU
		Release|Any CPU = Release|Any CPU
	EndGlobalSection
	GlobalSection(ProjectConfigurationPlatforms) = postSolution
		{5B2FE5B1-5591-4F68-AAFB-B837DA3574B9}.Debug|Any CPU.ActiveCfg = Debug|Any CPU
		{5B2FE5B1-5591-4F68-AAFB-B837DA3574B9}.Debug|Any CPU.Build.0 = Debug|Any CPU
		{5B2FE5B1-5591-4F68-AAFB-B837DA3574B9}.Release|Any CPU.ActiveCfg = Release|Any CPU
		{5B2FE5B1-5591-4F68-AAFB-B837DA3574B9}.Release|Any CPU.Build.0 = Release|Any CPU
		{1A92F913-3F10-44B4-BEB7-B8B4025A7D6C}.Debug|Any CPU.ActiveCfg = Debug|Any CPU
		{1A92F913-3F10-44B4-BEB7-B8B4025A7D6C}.Debug|Any CPU.Build.0 = Debug|Any CPU
		{1A92F913-3F10-44B4-BEB7-B8B4025A7D6C}.Release|Any CPU.ActiveCfg = Release|Any CPU
		{1A92F913-3F10-44B4-BEB7-B8B4025A7D6C}.Release|Any CPU.Build.0 = Release|Any CPU
		{61ED9575-6399-470D-8F6E-C134B861D99D}.Debug|Any CPU.ActiveCfg = Debug|Any CPU
		{61ED9575-6399-470D-8F6E-C134B861D99D}.Debug|Any CPU.Build.0 = Debug|Any CPU
		{61ED9575-6399-470D-8F6E-C134B861D99D}.Release|Any CPU.ActiveCfg = Release|Any CPU
		{61ED9575-6399-470D-8F6E-C134B861D99D}.Release|Any CPU.Build.0 = Release|Any CPU
		{AD2A3D27-41D9-4C0E-84AA-A4E22839EFB4}.Debug|Any CPU.ActiveCfg = Debug|Any CPU
		{AD2A3D27-41D9-4C0E-84AA-A4E22839EFB4}.Debug|Any CPU.Build.0 = Debug|Any CPU
		{AD2A3D27-41D9-4C0E-84AA-A4E22839EFB4}.Release|Any CPU.ActiveCfg = Release|Any CPU
		{AD2A3D27-41D9-4C0E-84AA-A4E22839EFB4}.Release|Any CPU.Build.0 = Release|Any CPU
		{CD09EA27-F5C6-4F9D-A4D1-57C5C064A327}.Debug|Any CPU.ActiveCfg = Debug|Any CPU
		{CD09EA27-F5C6-4F9D-A4D1-57C5C064A327}.Debug|Any CPU.Build.0 = Debug|Any CPU
		{CD09EA27-F5C6-4F9D-A4D1-57C5C064A327}.Release|Any CPU.ActiveCfg = Release|Any CPU
		{CD09EA27-F5C6-4F9D-A4D1-57C5C064A327}.Release|Any CPU.Build.0 = Release|Any CPU
		{8331F519-857D-4D60-9367-ACFCAA1BCD0D}.Debug|Any CPU.ActiveCfg = Debug|Any CPU
		{8331F519-857D-4D60-9367-ACFCAA1BCD0D}.Debug|Any CPU.Build.0 = Debug|Any CPU
		{8331F519-857D-4D60-9367-ACFCAA1BCD0D}.Release|Any CPU.ActiveCfg = Release|Any CPU
		{8331F519-857D-4D60-9367-ACFCAA1BCD0D}.Release|Any CPU.Build.0 = Release|Any CPU
		{6E84A359-4174-49E4-8377-E25BB9D9D8AC}.Debug|Any CPU.ActiveCfg = Debug|Any CPU
		{6E84A359-4174-49E4-8377-E25BB9D9D8AC}.Debug|Any CPU.Build.0 = Debug|Any CPU
		{6E84A359-4174-49E4-8377-E25BB9D9D8AC}.Release|Any CPU.ActiveCfg = Release|Any CPU
		{6E84A359-4174-49E4-8377-E25BB9D9D8AC}.Release|Any CPU.Build.0 = Release|Any CPU
		{3B068D1D-F619-48B5-95DC-D5501D97FD1A}.Debug|Any CPU.ActiveCfg = Debug|Any CPU
		{3B068D1D-F619-48B5-95DC-D5501D97FD1A}.Debug|Any CPU.Build.0 = Debug|Any CPU
		{3B068D1D-F619-48B5-95DC-D5501D97FD1A}.Release|Any CPU.ActiveCfg = Release|Any CPU
		{3B068D1D-F619-48B5-95DC-D5501D97FD1A}.Release|Any CPU.Build.0 = Release|Any CPU
		{D846F53D-3B73-4CD5-9D9C-105C94EBD5DE}.Debug|Any CPU.ActiveCfg = Debug|Any CPU
		{D846F53D-3B73-4CD5-9D9C-105C94EBD5DE}.Debug|Any CPU.Build.0 = Debug|Any CPU
		{D846F53D-3B73-4CD5-9D9C-105C94EBD5DE}.Release|Any CPU.ActiveCfg = Release|Any CPU
		{D846F53D-3B73-4CD5-9D9C-105C94EBD5DE}.Release|Any CPU.Build.0 = Release|Any CPU
		{5438D4D1-655C-4FC9-BDA1-9EFD6AF67827}.Debug|Any CPU.ActiveCfg = Debug|Any CPU
		{5438D4D1-655C-4FC9-BDA1-9EFD6AF67827}.Debug|Any CPU.Build.0 = Debug|Any CPU
		{5438D4D1-655C-4FC9-BDA1-9EFD6AF67827}.Release|Any CPU.ActiveCfg = Release|Any CPU
		{5438D4D1-655C-4FC9-BDA1-9EFD6AF67827}.Release|Any CPU.Build.0 = Release|Any CPU
		{50B34CA1-30FB-49BE-8195-5C62051DE4C1}.Debug|Any CPU.ActiveCfg = Debug|Any CPU
		{50B34CA1-30FB-49BE-8195-5C62051DE4C1}.Debug|Any CPU.Build.0 = Debug|Any CPU
		{50B34CA1-30FB-49BE-8195-5C62051DE4C1}.Release|Any CPU.ActiveCfg = Release|Any CPU
		{50B34CA1-30FB-49BE-8195-5C62051DE4C1}.Release|Any CPU.Build.0 = Release|Any CPU
		{9F12E204-1178-434A-B7F6-3AC4AC01B7D5}.Debug|Any CPU.ActiveCfg = Debug|Any CPU
		{9F12E204-1178-434A-B7F6-3AC4AC01B7D5}.Debug|Any CPU.Build.0 = Debug|Any CPU
		{9F12E204-1178-434A-B7F6-3AC4AC01B7D5}.Release|Any CPU.ActiveCfg = Release|Any CPU
		{9F12E204-1178-434A-B7F6-3AC4AC01B7D5}.Release|Any CPU.Build.0 = Release|Any CPU
		{B506F1AD-F156-4511-8CA7-3685D558E185}.Debug|Any CPU.ActiveCfg = Debug|Any CPU
		{B506F1AD-F156-4511-8CA7-3685D558E185}.Debug|Any CPU.Build.0 = Debug|Any CPU
		{B506F1AD-F156-4511-8CA7-3685D558E185}.Release|Any CPU.ActiveCfg = Release|Any CPU
		{B506F1AD-F156-4511-8CA7-3685D558E185}.Release|Any CPU.Build.0 = Release|Any CPU
		{E7A1CF2B-F037-49BB-8D85-7BC6A5724566}.Debug|Any CPU.ActiveCfg = Debug|Any CPU
		{E7A1CF2B-F037-49BB-8D85-7BC6A5724566}.Debug|Any CPU.Build.0 = Debug|Any CPU
		{E7A1CF2B-F037-49BB-8D85-7BC6A5724566}.Release|Any CPU.ActiveCfg = Release|Any CPU
		{E7A1CF2B-F037-49BB-8D85-7BC6A5724566}.Release|Any CPU.Build.0 = Release|Any CPU
		{89053E58-1DBF-4E3E-87CF-03D853920807}.Debug|Any CPU.ActiveCfg = Debug|Any CPU
		{89053E58-1DBF-4E3E-87CF-03D853920807}.Debug|Any CPU.Build.0 = Debug|Any CPU
		{89053E58-1DBF-4E3E-87CF-03D853920807}.Release|Any CPU.ActiveCfg = Release|Any CPU
		{89053E58-1DBF-4E3E-87CF-03D853920807}.Release|Any CPU.Build.0 = Release|Any CPU
		{E9418544-711A-467F-B3C8-EA3326DD7F77}.Debug|Any CPU.ActiveCfg = Debug|Any CPU
		{E9418544-711A-467F-B3C8-EA3326DD7F77}.Debug|Any CPU.Build.0 = Debug|Any CPU
		{E9418544-711A-467F-B3C8-EA3326DD7F77}.Release|Any CPU.ActiveCfg = Release|Any CPU
		{E9418544-711A-467F-B3C8-EA3326DD7F77}.Release|Any CPU.Build.0 = Release|Any CPU
	EndGlobalSection
	GlobalSection(SolutionProperties) = preSolution
		HideSolutionNode = FALSE
	EndGlobalSection
	GlobalSection(NestedProjects) = preSolution
		{5B2FE5B1-5591-4F68-AAFB-B837DA3574B9} = {EFA9178B-9B6C-4D95-9CFF-653BDD8927CB}
		{1A92F913-3F10-44B4-BEB7-B8B4025A7D6C} = {EFA9178B-9B6C-4D95-9CFF-653BDD8927CB}
		{61ED9575-6399-470D-8F6E-C134B861D99D} = {EFA9178B-9B6C-4D95-9CFF-653BDD8927CB}
		{AD2A3D27-41D9-4C0E-84AA-A4E22839EFB4} = {EFA9178B-9B6C-4D95-9CFF-653BDD8927CB}
		{CD09EA27-F5C6-4F9D-A4D1-57C5C064A327} = {EFA9178B-9B6C-4D95-9CFF-653BDD8927CB}
		{8331F519-857D-4D60-9367-ACFCAA1BCD0D} = {BF5880BB-F325-40D4-95AC-93138EEAE91A}
		{6E84A359-4174-49E4-8377-E25BB9D9D8AC} = {BF5880BB-F325-40D4-95AC-93138EEAE91A}
		{3B068D1D-F619-48B5-95DC-D5501D97FD1A} = {BF5880BB-F325-40D4-95AC-93138EEAE91A}
		{D846F53D-3B73-4CD5-9D9C-105C94EBD5DE} = {BF5880BB-F325-40D4-95AC-93138EEAE91A}
		{5438D4D1-655C-4FC9-BDA1-9EFD6AF67827} = {BF5880BB-F325-40D4-95AC-93138EEAE91A}
		{50B34CA1-30FB-49BE-8195-5C62051DE4C1} = {BF5880BB-F325-40D4-95AC-93138EEAE91A}
		{9F12E204-1178-434A-B7F6-3AC4AC01B7D5} = {5C5BA664-9553-4E90-B951-EE9D8D98BF95}
		{BF5880BB-F325-40D4-95AC-93138EEAE91A} = {ADC8FC22-7A22-4854-B98E-9360272FC4F2}
		{5C5BA664-9553-4E90-B951-EE9D8D98BF95} = {ADC8FC22-7A22-4854-B98E-9360272FC4F2}
		{B506F1AD-F156-4511-8CA7-3685D558E185} = {5C5BA664-9553-4E90-B951-EE9D8D98BF95}
		{E7A1CF2B-F037-49BB-8D85-7BC6A5724566} = {5C5BA664-9553-4E90-B951-EE9D8D98BF95}
		{89053E58-1DBF-4E3E-87CF-03D853920807} = {5C5BA664-9553-4E90-B951-EE9D8D98BF95}
		{E9418544-711A-467F-B3C8-EA3326DD7F77} = {5C5BA664-9553-4E90-B951-EE9D8D98BF95}
	EndGlobalSection
	GlobalSection(ExtensibilityGlobals) = postSolution
		SolutionGuid = {357E2150-328E-448E-BC64-D22FC3B67466}
	EndGlobalSection
EndGlobal
